# THIS IS AN AUTOGENERATED FILE. DO NOT EDIT THIS FILE DIRECTLY.
# yarn lockfile v1


node-stream-zip@1.8.0:
  version "1.8.0"
  resolved "https://registry.yarnpkg.com/node-stream-zip/-/node-stream-zip-1.8.0.tgz#32a0352683b7c0becf489fc9a7f20bbb2517f94b"
  integrity sha512-sFMswrGIZ8c4a9o82MiET1k/XMqnkVkoU/C4mL869ndDnzPLeVKWn/6qMdzGtZCbWeuZ9IRIbhHLliSs7QTEKg==
